hash: 5c02cc328958b86f282e239e9deed30f23a2fe90a85262f8af81e18fb9eb9e26
updated: 2016-07-18T18:59:42.209135436-04:00
imports:
- name: github.com/cloudfoundry/bosh-init
  version: afa267bec2ba83d7572075ca34ac4c000a29023d
  repo: https://github.com/sneal/bosh-init.git
  vcs: git
  subpackages:
  - cmd
  - logger
  - ui
  - ui/fmt
- name: github.com/codegangsta/cli
  version: 11c134509d89c2018675f369955218a180dc7428
- name: github.com/enaml-ops/enaml
  version: 36c31c303f2c14fc8aaae656dc97c64e92cdd651
  subpackages:
  - enamlbosh
  - cloudproperties/aws
  - cloudproperties/azure
- name: github.com/enaml-ops/omg-cli
  version: 3e2920c16e3b528e36ac3a25368e48aed2a2b2ff
  subpackages:
  - plugins/products/bosh-init/enaml-gen/aws_cpi
  - plugins/products/bosh-init/enaml-gen/blobstore
  - plugins/products/bosh-init/enaml-gen/cpi
  - plugins/products/bosh-init/enaml-gen/director
  - plugins/products/bosh-init/enaml-gen/health_monitor
  - plugins/products/bosh-init/enaml-gen/nats
  - plugins/products/bosh-init/enaml-gen/postgres
  - plugins/products/bosh-init/enaml-gen/registry
  - plugins/products/bosh-init/enaml-gen/uaa
  - plugins/products/bosh-init/enaml-gen/vsphere_cpi
  - pluginlib/product
  - plugins/products/cloudfoundry/plugin
  - pluginlib/util
  - plugins/products/cf-mysql/enaml-gen/bootstrap
  - plugins/products/cf-mysql/enaml-gen/mysql
  - plugins/products/cf-mysql/enaml-gen/proxy
  - plugins/products/cloudfoundry/enaml-gen/acceptance-tests
  - plugins/products/cloudfoundry/enaml-gen/auctioneer
  - plugins/products/cloudfoundry/enaml-gen/bbs
  - plugins/products/cloudfoundry/enaml-gen/cc_uploader
  - plugins/products/cloudfoundry/enaml-gen/cloud_controller_clock
  - plugins/products/cloudfoundry/enaml-gen/cloud_controller_ng
  - plugins/products/cloudfoundry/enaml-gen/cloud_controller_worker
  - plugins/products/cloudfoundry/enaml-gen/consul_agent
  - plugins/products/cloudfoundry/enaml-gen/converger
  - plugins/products/cloudfoundry/enaml-gen/debian_nfs_server
  - plugins/products/cloudfoundry/enaml-gen/doppler
  - plugins/products/cloudfoundry/enaml-gen/etcd
  - plugins/products/cloudfoundry/enaml-gen/etcd_metrics_server
  - plugins/products/cloudfoundry/enaml-gen/file_server
  - plugins/products/cloudfoundry/enaml-gen/garden
  - plugins/products/cloudfoundry/enaml-gen/gorouter
  - plugins/products/cloudfoundry/enaml-gen/haproxy
  - plugins/products/cloudfoundry/enaml-gen/loggregator_trafficcontroller
  - plugins/products/cloudfoundry/enaml-gen/metron_agent
  - plugins/products/cloudfoundry/enaml-gen/nats
  - plugins/products/cloudfoundry/enaml-gen/nfs_mounter
  - plugins/products/cloudfoundry/enaml-gen/nsync
  - plugins/products/cloudfoundry/enaml-gen/rep
  - plugins/products/cloudfoundry/enaml-gen/route_emitter
  - plugins/products/cloudfoundry/enaml-gen/route_registrar
  - plugins/products/cloudfoundry/enaml-gen/smoke-tests
  - plugins/products/cloudfoundry/enaml-gen/ssh_proxy
  - plugins/products/cloudfoundry/enaml-gen/stager
  - plugins/products/cloudfoundry/enaml-gen/syslog_drain_binder
  - plugins/products/cloudfoundry/enaml-gen/tps
  - plugins/products/cloudfoundry/enaml-gen/uaa
  - plugins/products/concourse/enaml-gen/atc
  - plugins/products/concourse/enaml-gen/baggageclaim
  - plugins/products/concourse/enaml-gen/garden
  - plugins/products/concourse/enaml-gen/groundcrew
  - plugins/products/concourse/enaml-gen/postgresql
  - plugins/products/concourse/enaml-gen/tsa
  - plugins/products/concourse/plugin
  - plugins/products/concourse
  - plugins/products/redis/plugin
  - plugins/products/vault/plugin
  - plugins/products/vault/enaml-gen/consul
  - plugins/products/vault/enaml-gen/vault
- name: github.com/hashicorp/go-plugin
  version: 8cf118f7a2f0c7ef1c82f66d4f6ac77c7e27dc12
- name: github.com/hashicorp/yamux
  version: badf81fca035b8ebac61b5ab83330b72541056f4
- name: github.com/kr/fs
  version: 2788f0dbd16903de03cb8186e5c7d97b69ad387b
- name: github.com/onsi/ginkgo
  version: 7d3240191d7b2311b60090fcbc96e56bffc45ec0
- name: github.com/onsi/gomega
  version: 9ed8da19f2156b87a803a8fdf6d126f627a12db1
- name: github.com/op/go-logging
  version: 970db520ece77730c7e4724c61121037378659d9
- name: github.com/pivotal-golang/clock
  version: da8295109ceb031ff96dc126bb68d75dd9fddc4b
- name: github.com/pivotalservices/gtils
  version: 2efb2d5d8a2ee2ad307f7343a04b8088f44c4e4b
  subpackages:
  - osutils
- name: github.com/pkg/errors
  version: a2d6902c6d2a2f194eb3fb474981ab7867c81505
- name: github.com/pkg/sftp
  version: 57fcf4a640a942eb05181f929601f8f4409eda3e
- name: github.com/xchapter7x/lo
  version: aa2602d0e8e8647f0ce7b53109b37040941915aa
- name: gopkg.in/yaml.v2
  version: e4d366fc3c7938e2958e662b4258c7a89e1f0e3e
devImports: []
